
Microsoft Visual Studio Solution File, Format Version 12.00
# Visual Studio Version 16
VisualStudioVersion = 16.0.29418.71
MinimumVisualStudioVersion = 10.0.40219.1
Project("{FAE04EC0-301F-11D3-BF4B-00C04F79EFBC}") = "SelfEvaluationTask2", "SelfEvaluationTask2\SelfEvaluationTask2.csproj", "{F55D7896-6411-45D0-B9E0-FDB18284FC2B}"
EndProject
Global
	GlobalSection(SolutionConfigurationPlatforms) = preSolution
		Debug|Any CPU = Debug|Any CPU
		Release|Any CPU = Release|Any CPU
	EndGlobalSection
	GlobalSection(ProjectConfigurationPlatforms) = postSolution
		{F55D7896-6411-45D0-B9E0-FDB18284FC2B}.Debug|Any CPU.ActiveCfg = Debug|Any CPU
		{F55D7896-6411-45D0-B9E0-FDB18284FC2B}.Debug|Any CPU.Build.0 = Debug|Any CPU
		{F55D7896-6411-45D0-B9E0-FDB18284FC2B}.Release|Any CPU.ActiveCfg = Release|Any CPU
		{F55D7896-6411-45D0-B9E0-FDB18284FC2B}.Release|Any CPU.Build.0 = Release|Any CPU
	EndGlobalSection
	GlobalSection(SolutionProperties) = preSolution
		HideSolutionNode = FALSE
	EndGlobalSection
	GlobalSection(ExtensibilityGlobals) = postSolution
		SolutionGuid = {F6A6972B-1D63-4F82-9FB1-B7C7EF7678A4}
	EndGlobalSection
EndGlobal
