
Microsoft Visual Studio Solution File, Format Version 12.00
# Visual Studio Version 16
VisualStudioVersion = 16.0.29418.71
MinimumVisualStudioVersion = 10.0.40219.1
Project("{FAE04EC0-301F-11D3-BF4B-00C04F79EFBC}") = "SelfEvaluationTask1", "SelfEvaluationTask1\SelfEvaluationTask1.csproj", "{FE0DFB31-879E-4BD6-9DE7-12ECF1D665C7}"
EndProject
Global
	GlobalSection(SolutionConfigurationPlatforms) = preSolution
		Debug|Any CPU = Debug|Any CPU
		Release|Any CPU = Release|Any CPU
	EndGlobalSection
	GlobalSection(ProjectConfigurationPlatforms) = postSolution
		{FE0DFB31-879E-4BD6-9DE7-12ECF1D665C7}.Debug|Any CPU.ActiveCfg = Debug|Any CPU
		{FE0DFB31-879E-4BD6-9DE7-12ECF1D665C7}.Debug|Any CPU.Build.0 = Debug|Any CPU
		{FE0DFB31-879E-4BD6-9DE7-12ECF1D665C7}.Release|Any CPU.ActiveCfg = Release|Any CPU
		{FE0DFB31-879E-4BD6-9DE7-12ECF1D665C7}.Release|Any CPU.Build.0 = Release|Any CPU
	EndGlobalSection
	GlobalSection(SolutionProperties) = preSolution
		HideSolutionNode = FALSE
	EndGlobalSection
	GlobalSection(ExtensibilityGlobals) = postSolution
		SolutionGuid = {D420C849-8C3B-485C-8649-3DB7DC14F784}
	EndGlobalSection
EndGlobal
