
Microsoft Visual Studio Solution File, Format Version 12.00
# Visual Studio Version 16
VisualStudioVersion = 16.0.29418.71
MinimumVisualStudioVersion = 10.0.40219.1
Project("{FAE04EC0-301F-11D3-BF4B-00C04F79EFBC}") = "Task3New", "Task3New\Task3New.csproj", "{99836CEA-E82D-4012-9CAA-B875D64C9FA8}"
EndProject
Global
	GlobalSection(SolutionConfigurationPlatforms) = preSolution
		Debug|Any CPU = Debug|Any CPU
		Release|Any CPU = Release|Any CPU
	EndGlobalSection
	GlobalSection(ProjectConfigurationPlatforms) = postSolution
		{99836CEA-E82D-4012-9CAA-B875D64C9FA8}.Debug|Any CPU.ActiveCfg = Debug|Any CPU
		{99836CEA-E82D-4012-9CAA-B875D64C9FA8}.Debug|Any CPU.Build.0 = Debug|Any CPU
		{99836CEA-E82D-4012-9CAA-B875D64C9FA8}.Release|Any CPU.ActiveCfg = Release|Any CPU
		{99836CEA-E82D-4012-9CAA-B875D64C9FA8}.Release|Any CPU.Build.0 = Release|Any CPU
	EndGlobalSection
	GlobalSection(SolutionProperties) = preSolution
		HideSolutionNode = FALSE
	EndGlobalSection
	GlobalSection(ExtensibilityGlobals) = postSolution
		SolutionGuid = {FFF0541B-47E2-43AC-9547-3CAA6BF25CBF}
	EndGlobalSection
EndGlobal
