
Microsoft Visual Studio Solution File, Format Version 12.00
# Visual Studio Version 16
VisualStudioVersion = 16.0.29418.71
MinimumVisualStudioVersion = 10.0.40219.1
Project("{FAE04EC0-301F-11D3-BF4B-00C04F79EFBC}") = "LoopTask4.5", "LoopTask4.5\LoopTask4.5.csproj", "{4A2D0B1B-A1DC-4A76-AB80-820A444584FA}"
EndProject
Global
	GlobalSection(SolutionConfigurationPlatforms) = preSolution
		Debug|Any CPU = Debug|Any CPU
		Release|Any CPU = Release|Any CPU
	EndGlobalSection
	GlobalSection(ProjectConfigurationPlatforms) = postSolution
		{4A2D0B1B-A1DC-4A76-AB80-820A444584FA}.Debug|Any CPU.ActiveCfg = Debug|Any CPU
		{4A2D0B1B-A1DC-4A76-AB80-820A444584FA}.Debug|Any CPU.Build.0 = Debug|Any CPU
		{4A2D0B1B-A1DC-4A76-AB80-820A444584FA}.Release|Any CPU.ActiveCfg = Release|Any CPU
		{4A2D0B1B-A1DC-4A76-AB80-820A444584FA}.Release|Any CPU.Build.0 = Release|Any CPU
	EndGlobalSection
	GlobalSection(SolutionProperties) = preSolution
		HideSolutionNode = FALSE
	EndGlobalSection
	GlobalSection(ExtensibilityGlobals) = postSolution
		SolutionGuid = {91BC1C0D-E923-4477-8A82-C58769BACE1D}
	EndGlobalSection
EndGlobal
