
Microsoft Visual Studio Solution File, Format Version 12.00
# Visual Studio Version 16
VisualStudioVersion = 16.0.29418.71
MinimumVisualStudioVersion = 10.0.40219.1
Project("{FAE04EC0-301F-11D3-BF4B-00C04F79EFBC}") = "LoopTehtävä2", "LoopTehtävä2\LoopTehtävä2.csproj", "{D879AAE8-96C9-42FB-A233-664D0727C2FC}"
EndProject
Global
	GlobalSection(SolutionConfigurationPlatforms) = preSolution
		Debug|Any CPU = Debug|Any CPU
		Release|Any CPU = Release|Any CPU
	EndGlobalSection
	GlobalSection(ProjectConfigurationPlatforms) = postSolution
		{D879AAE8-96C9-42FB-A233-664D0727C2FC}.Debug|Any CPU.ActiveCfg = Debug|Any CPU
		{D879AAE8-96C9-42FB-A233-664D0727C2FC}.Debug|Any CPU.Build.0 = Debug|Any CPU
		{D879AAE8-96C9-42FB-A233-664D0727C2FC}.Release|Any CPU.ActiveCfg = Release|Any CPU
		{D879AAE8-96C9-42FB-A233-664D0727C2FC}.Release|Any CPU.Build.0 = Release|Any CPU
	EndGlobalSection
	GlobalSection(SolutionProperties) = preSolution
		HideSolutionNode = FALSE
	EndGlobalSection
	GlobalSection(ExtensibilityGlobals) = postSolution
		SolutionGuid = {CA24113D-D537-4601-B169-E1B60AFC3682}
	EndGlobalSection
EndGlobal
